
Microsoft Visual Studio Solution File, Format Version 12.00
# Visual Studio Version 16
VisualStudioVersion = 25.0.1706.1
MinimumVisualStudioVersion = 10.0.40219.1
Project("{FAE04EC0-301F-11D3-BF4B-00C04F79EFBC}") = "SolidWorksAPI", "SolidWorksAPI\SolidWorksAPI.csproj", "{642BD9EC-78A7-4768-AEB4-F6466F3A018F}"
EndProject
Global
	GlobalSection(SolutionConfigurationPlatforms) = preSolution
		Debug|Any CPU = Debug|Any CPU
		Release|Any CPU = Release|Any CPU
	EndGlobalSection
	GlobalSection(ProjectConfigurationPlatforms) = postSolution
		{642BD9EC-78A7-4768-AEB4-F6466F3A018F}.Debug|Any CPU.ActiveCfg = Debug|Any CPU
		{642BD9EC-78A7-4768-AEB4-F6466F3A018F}.Debug|Any CPU.Build.0 = Debug|Any CPU
		{642BD9EC-78A7-4768-AEB4-F6466F3A018F}.Release|Any CPU.ActiveCfg = Release|Any CPU
		{642BD9EC-78A7-4768-AEB4-F6466F3A018F}.Release|Any CPU.Build.0 = Release|Any CPU
	EndGlobalSection
	GlobalSection(SolutionProperties) = preSolution
		HideSolutionNode = FALSE
	EndGlobalSection
	GlobalSection(ExtensibilityGlobals) = postSolution
		SolutionGuid = {B9B8CBC1-7EB6-4A26-A7AD-B4067193D7E5}
	EndGlobalSection
EndGlobal
